{
  "name": "aoc2k18",
  "version": "1.0.0",
  "lockfileVersion": 1,
  "requires": true,
  "dependencies": {
    "topological-sort": {
      "version": "0.3.0",
      "resolved": "https://registry.npmjs.org/topological-sort/-/topological-sort-0.3.0.tgz",
      "integrity": "sha512-BmO2t72jjJ3B9PZC3LTHyojgNynOKEvWG4GiYqyfSMUjtO6+yZK0oozlMYVA+tC6YvS3NZh4OPx6QaolEYOg6A=="
    },
    "tsort": {
      "version": "0.0.1",
      "resolved": "https://registry.npmjs.org/tsort/-/tsort-0.0.1.tgz",
      "integrity": "sha1-4igPXoF/i/QnVlf9D5rr1E9aJ4Y="
    }
  }
}
